
Microsoft Visual Studio Solution File, Format Version 12.00
# Visual Studio Version 17
VisualStudioVersion = 17.0.31903.59
MinimumVisualStudioVersion = 10.0.40219.1
Project("{2150E333-8FDC-42A3-9474-1A3956D46DE8}") = "Domain", "Domain", "{560A6707-292F-4BCF-881D-32EA20E24B00}"
EndProject
Project("{2150E333-8FDC-42A3-9474-1A3956D46DE8}") = "Infrastructure", "Infrastructure", "{6A177EDF-9B88-4780-BDA3-060B27637697}"
EndProject
Project("{FAE04EC0-301F-11D3-BF4B-00C04F79EFBC}") = "ProductManagement.Persistence", "ProductManagement.Persistence\ProductManagement.Persistence.csproj", "{DAD01E64-F334-48DA-BA2D-928B191588D7}"
EndProject
Project("{2150E333-8FDC-42A3-9474-1A3956D46DE8}") = "API", "API", "{BC0B5DC5-FA49-47A1-852A-EE98FD09084E}"
EndProject
Project("{9A19103F-16F7-4668-BE54-9A1E7A4F7556}") = "ProductManagement.Domain", "ProductManagement.Domain\ProductManagement.Domain.csproj", "{6E4E3374-8E89-4DDA-A6FE-AD19FCC2CB49}"
EndProject
Project("{9A19103F-16F7-4668-BE54-9A1E7A4F7556}") = "ProductManagement.API", "ProductManagement.API\ProductManagement.API.csproj", "{59E04890-C0C1-49B6-8318-2237E5D38FBA}"
EndProject
Project("{2150E333-8FDC-42A3-9474-1A3956D46DE8}") = "Core", "Core", "{FFBCF494-8270-479E-A6A8-C61A1DBE9293}"
EndProject
Project("{FAE04EC0-301F-11D3-BF4B-00C04F79EFBC}") = "ProductManagement.Service", "ProductManagement.Service\ProductManagement.Service.csproj", "{55516D0C-6AC3-4E94-BA81-F6CD0D3AAF1D}"
EndProject
Project("{FAE04EC0-301F-11D3-BF4B-00C04F79EFBC}") = "ProductManagement.Core", "ProductManagement.Core\ProductManagement.Core.csproj", "{757D2F76-CFC3-4DA6-90C1-5D62F495BB6A}"
EndProject
Global
	GlobalSection(SolutionConfigurationPlatforms) = preSolution
		Debug|Any CPU = Debug|Any CPU
		Release|Any CPU = Release|Any CPU
	EndGlobalSection
	GlobalSection(ProjectConfigurationPlatforms) = postSolution
		{DAD01E64-F334-48DA-BA2D-928B191588D7}.Debug|Any CPU.ActiveCfg = Debug|Any CPU
		{DAD01E64-F334-48DA-BA2D-928B191588D7}.Debug|Any CPU.Build.0 = Debug|Any CPU
		{DAD01E64-F334-48DA-BA2D-928B191588D7}.Release|Any CPU.ActiveCfg = Release|Any CPU
		{DAD01E64-F334-48DA-BA2D-928B191588D7}.Release|Any CPU.Build.0 = Release|Any CPU
		{6E4E3374-8E89-4DDA-A6FE-AD19FCC2CB49}.Debug|Any CPU.ActiveCfg = Debug|Any CPU
		{6E4E3374-8E89-4DDA-A6FE-AD19FCC2CB49}.Debug|Any CPU.Build.0 = Debug|Any CPU
		{6E4E3374-8E89-4DDA-A6FE-AD19FCC2CB49}.Release|Any CPU.ActiveCfg = Release|Any CPU
		{6E4E3374-8E89-4DDA-A6FE-AD19FCC2CB49}.Release|Any CPU.Build.0 = Release|Any CPU
		{59E04890-C0C1-49B6-8318-2237E5D38FBA}.Debug|Any CPU.ActiveCfg = Debug|Any CPU
		{59E04890-C0C1-49B6-8318-2237E5D38FBA}.Debug|Any CPU.Build.0 = Debug|Any CPU
		{59E04890-C0C1-49B6-8318-2237E5D38FBA}.Release|Any CPU.ActiveCfg = Release|Any CPU
		{59E04890-C0C1-49B6-8318-2237E5D38FBA}.Release|Any CPU.Build.0 = Release|Any CPU
		{55516D0C-6AC3-4E94-BA81-F6CD0D3AAF1D}.Debug|Any CPU.ActiveCfg = Debug|Any CPU
		{55516D0C-6AC3-4E94-BA81-F6CD0D3AAF1D}.Debug|Any CPU.Build.0 = Debug|Any CPU
		{55516D0C-6AC3-4E94-BA81-F6CD0D3AAF1D}.Release|Any CPU.ActiveCfg = Release|Any CPU
		{55516D0C-6AC3-4E94-BA81-F6CD0D3AAF1D}.Release|Any CPU.Build.0 = Release|Any CPU
		{757D2F76-CFC3-4DA6-90C1-5D62F495BB6A}.Debug|Any CPU.ActiveCfg = Debug|Any CPU
		{757D2F76-CFC3-4DA6-90C1-5D62F495BB6A}.Debug|Any CPU.Build.0 = Debug|Any CPU
		{757D2F76-CFC3-4DA6-90C1-5D62F495BB6A}.Release|Any CPU.ActiveCfg = Release|Any CPU
		{757D2F76-CFC3-4DA6-90C1-5D62F495BB6A}.Release|Any CPU.Build.0 = Release|Any CPU
	EndGlobalSection
	GlobalSection(SolutionProperties) = preSolution
		HideSolutionNode = FALSE
	EndGlobalSection
	GlobalSection(NestedProjects) = preSolution
		{DAD01E64-F334-48DA-BA2D-928B191588D7} = {6A177EDF-9B88-4780-BDA3-060B27637697}
		{6E4E3374-8E89-4DDA-A6FE-AD19FCC2CB49} = {560A6707-292F-4BCF-881D-32EA20E24B00}
		{59E04890-C0C1-49B6-8318-2237E5D38FBA} = {BC0B5DC5-FA49-47A1-852A-EE98FD09084E}
		{55516D0C-6AC3-4E94-BA81-F6CD0D3AAF1D} = {6A177EDF-9B88-4780-BDA3-060B27637697}
		{757D2F76-CFC3-4DA6-90C1-5D62F495BB6A} = {FFBCF494-8270-479E-A6A8-C61A1DBE9293}
	EndGlobalSection
	GlobalSection(ExtensibilityGlobals) = postSolution
		SolutionGuid = {21AE8507-7114-4572-91C4-742BF219A7E7}
	EndGlobalSection
EndGlobal
